# This file is automatically @generated by Poetry 1.7.1 and should not be changed by hand.

[[package]]
name = "codespell"
version = "2.2.6"
description = "Codespell"
optional = false
python-versions = ">=3.8"
files = [
    {file = "codespell-2.2.6-py3-none-any.whl", hash = "sha256:9ee9a3e5df0990604013ac2a9f22fa8e57669c827124a2e961fe8a1da4cacc07"},
    {file = "codespell-2.2.6.tar.gz", hash = "sha256:a8c65d8eb3faa03deabab6b3bbe798bea72e1799c7e9e955d57eca4096abcff9"},
]

[package.extras]
dev = ["Pygments", "build", "chardet", "pre-commit", "pytest", "pytest-cov", "pytest-dependency", "ruff", "tomli", "twine"]
hard-encoding-detection = ["chardet"]
toml = ["tomli"]
types = ["chardet (>=5.1.0)", "mypy", "pytest", "pytest-cov", "pytest-dependency"]

[[package]]
name = "colorama"
version = "0.4.6"
description = "Cross-platform colored terminal text."
optional = false
python-versions = "!=3.0.*,!=3.1.*,!=3.2.*,!=3.3.*,!=3.4.*,!=3.5.*,!=3.6.*,>=2.7"
files = [
    {file = "colorama-0.4.6-py2.py3-none-any.whl", hash = "sha256:4f1d9991f5acc0ca119f9d443620b77f9d6b33703e51011c16baf57afb285fc6"},
    {file = "colorama-0.4.6.tar.gz", hash = "sha256:08695f5cb7ed6e0531a20572697297273c47b8cae5a63ffc6d6ed5c201be6e44"},
]

[[package]]
name = "coverage"
version = "7.3.4"
description = "Code coverage measurement for Python"
optional = false
python-versions = ">=3.8"
files = [
    {file = "coverage-7.3.4-cp310-cp310-macosx_10_9_x86_64.whl", hash = "sha256:aff2bd3d585969cc4486bfc69655e862028b689404563e6b549e6a8244f226df"},
    {file = "coverage-7.3.4-cp310-cp310-macosx_11_0_arm64.whl", hash = "sha256:e4353923f38d752ecfbd3f1f20bf7a3546993ae5ecd7c07fd2f25d40b4e54571"},
    {file = "coverage-7.3.4-cp310-cp310-manylinux_2_17_aarch64.manylinux2014_aarch64.whl", hash = "sha256:ea473c37872f0159294f7073f3fa72f68b03a129799f3533b2bb44d5e9fa4f82"},
    {file = "coverage-7.3.4-cp310-cp310-manylinux_2_5_i686.manylinux1_i686.manylinux_2_17_i686.manylinux2014_i686.whl", hash = "sha256:5214362abf26e254d749fc0c18af4c57b532a4bfde1a057565616dd3b8d7cc94"},
    {file = "coverage-7.3.4-cp310-cp310-manylinux_2_5_x86_64.manylinux1_x86_64.manylinux_2_17_x86_64.manylinux2014_x86_64.whl", hash = "sha256:f99b7d3f7a7adfa3d11e3a48d1a91bb65739555dd6a0d3fa68aa5852d962e5b1"},
    {file = "coverage-7.3.4-cp310-cp310-musllinux_1_1_aarch64.whl", hash = "sha256:74397a1263275bea9d736572d4cf338efaade2de9ff759f9c26bcdceb383bb49"},
    {file = "coverage-7.3.4-cp310-cp310-musllinux_1_1_i686.whl", hash = "sha256:f154bd866318185ef5865ace5be3ac047b6d1cc0aeecf53bf83fe846f4384d5d"},
    {file = "coverage-7.3.4-cp310-cp310-musllinux_1_1_x86_64.whl", hash = "sha256:e0d84099ea7cba9ff467f9c6f747e3fc3906e2aadac1ce7b41add72e8d0a3712"},
    {file = "coverage-7.3.4-cp310-cp310-win32.whl", hash = "sha256:3f477fb8a56e0c603587b8278d9dbd32e54bcc2922d62405f65574bd76eba78a"},
    {file = "coverage-7.3.4-cp310-cp310-win_amd64.whl", hash = "sha256:c75738ce13d257efbb6633a049fb2ed8e87e2e6c2e906c52d1093a4d08d67c6b"},
    {file = "coverage-7.3.4-cp311-cp311-macosx_10_9_x86_64.whl", hash = "sha256:997aa14b3e014339d8101b9886063c5d06238848905d9ad6c6eabe533440a9a7"},
    {file = "coverage-7.3.4-cp311-cp311-macosx_11_0_arm64.whl", hash = "sha256:8a9c5bc5db3eb4cd55ecb8397d8e9b70247904f8eca718cc53c12dcc98e59fc8"},
    {file = "coverage-7.3.4-cp311-cp311-manylinux_2_17_aarch64.manylinux2014_aarch64.whl", hash = "sha256:27ee94f088397d1feea3cb524e4313ff0410ead7d968029ecc4bc5a7e1d34fbf"},
    {file = "coverage-7.3.4-cp311-cp311-manylinux_2_5_i686.manylinux1_i686.manylinux_2_17_i686.manylinux2014_i686.whl", hash = "sha256:8ce03e25e18dd9bf44723e83bc202114817f3367789052dc9e5b5c79f40cf59d"},
    {file = "coverage-7.3.4-cp311-cp311-manylinux_2_5_x86_64.manylinux1_x86_64.manylinux_2_17_x86_64.manylinux2014_x86_64.whl", hash = "sha256:85072e99474d894e5df582faec04abe137b28972d5e466999bc64fc37f564a03"},
    {file = "coverage-7.3.4-cp311-cp311-musllinux_1_1_aarch64.whl", hash = "sha256:a877810ef918d0d345b783fc569608804f3ed2507bf32f14f652e4eaf5d8f8d0"},
    {file = "coverage-7.3.4-cp311-cp311-musllinux_1_1_i686.whl", hash = "sha256:9ac17b94ab4ca66cf803f2b22d47e392f0977f9da838bf71d1f0db6c32893cb9"},
    {file = "coverage-7.3.4-cp311-cp311-musllinux_1_1_x86_64.whl", hash = "sha256:36d75ef2acab74dc948d0b537ef021306796da551e8ac8b467810911000af66a"},
    {file = "coverage-7.3.4-cp311-cp311-win32.whl", hash = "sha256:47ee56c2cd445ea35a8cc3ad5c8134cb9bece3a5cb50bb8265514208d0a65928"},
    {file = "coverage-7.3.4-cp311-cp311-win_amd64.whl", hash = "sha256:11ab62d0ce5d9324915726f611f511a761efcca970bd49d876cf831b4de65be5"},
    {file = "coverage-7.3.4-cp312-cp312-macosx_10_9_x86_64.whl", hash = "sha256:33e63c578f4acce1b6cd292a66bc30164495010f1091d4b7529d014845cd9bee"},
    {file = "coverage-7.3.4-cp312-cp312-macosx_11_0_arm64.whl", hash = "sha256:782693b817218169bfeb9b9ba7f4a9f242764e180ac9589b45112571f32a0ba6"},
    {file = "coverage-7.3.4-cp312-cp312-manylinux_2_17_aarch64.manylinux2014_aarch64.whl", hash = "sha256:7c4277ddaad9293454da19121c59f2d850f16bcb27f71f89a5c4836906eb35ef"},
    {file = "coverage-7.3.4-cp312-cp312-manylinux_2_5_i686.manylinux1_i686.manylinux_2_17_i686.manylinux2014_i686.whl", hash = "sha256:3d892a19ae24b9801771a5a989fb3e850bd1ad2e2b6e83e949c65e8f37bc67a1"},
    {file = "coverage-7.3.4-cp312-cp312-manylinux_2_5_x86_64.manylinux1_x86_64.manylinux_2_17_x86_64.manylinux2014_x86_64.whl", hash = "sha256:3024ec1b3a221bd10b5d87337d0373c2bcaf7afd86d42081afe39b3e1820323b"},
    {file = "coverage-7.3.4-cp312-cp312-musllinux_1_1_aarch64.whl", hash = "sha256:a1c3e9d2bbd6f3f79cfecd6f20854f4dc0c6e0ec317df2b265266d0dc06535f1"},
    {file = "coverage-7.3.4-cp312-cp312-musllinux_1_1_i686.whl", hash = "sha256:e91029d7f151d8bf5ab7d8bfe2c3dbefd239759d642b211a677bc0709c9fdb96"},
    {file = "coverage-7.3.4-cp312-cp312-musllinux_1_1_x86_64.whl", hash = "sha256:6879fe41c60080aa4bb59703a526c54e0412b77e649a0d06a61782ecf0853ee1"},
    {file = "coverage-7.3.4-cp312-cp312-win32.whl", hash = "sha256:fd2f8a641f8f193968afdc8fd1697e602e199931012b574194052d132a79be13"},
    {file = "coverage-7.3.4-cp312-cp312-win_amd64.whl", hash = "sha256:d1d0ce6c6947a3a4aa5479bebceff2c807b9f3b529b637e2b33dea4468d75fc7"},
    {file = "coverage-7.3.4-cp38-cp38-macosx_10_9_x86_64.whl", hash = "sha256:36797b3625d1da885b369bdaaa3b0d9fb8865caed3c2b8230afaa6005434aa2f"},
    {file = "coverage-7.3.4-cp38-cp38-macosx_11_0_arm64.whl", hash = "sha256:bfed0ec4b419fbc807dec417c401499ea869436910e1ca524cfb4f81cf3f60e7"},
    {file = "coverage-7.3.4-cp38-cp38-manylinux_2_17_aarch64.manylinux2014_aarch64.whl", hash = "sha256:f97ff5a9fc2ca47f3383482858dd2cb8ddbf7514427eecf5aa5f7992d0571429"},
    {file = "coverage-7.3.4-cp38-cp38-manylinux_2_5_i686.manylinux1_i686.manylinux_2_17_i686.manylinux2014_i686.whl", hash = "sha256:607b6c6b35aa49defaebf4526729bd5238bc36fe3ef1a417d9839e1d96ee1e4c"},
    {file = "coverage-7.3.4-cp38-cp38-manylinux_2_5_x86_64.manylinux1_x86_64.manylinux_2_17_x86_64.manylinux2014_x86_64.whl", hash = "sha256:a8e258dcc335055ab59fe79f1dec217d9fb0cdace103d6b5c6df6b75915e7959"},
    {file = "coverage-7.3.4-cp38-cp38-musllinux_1_1_aarch64.whl", hash = "sha256:a02ac7c51819702b384fea5ee033a7c202f732a2a2f1fe6c41e3d4019828c8d3"},
    {file = "coverage-7.3.4-cp38-cp38-musllinux_1_1_i686.whl", hash = "sha256:b710869a15b8caf02e31d16487a931dbe78335462a122c8603bb9bd401ff6fb2"},
    {file = "coverage-7.3.4-cp38-cp38-musllinux_1_1_x86_64.whl", hash = "sha256:c6a23ae9348a7a92e7f750f9b7e828448e428e99c24616dec93a0720342f241d"},
    {file = "coverage-7.3.4-cp38-cp38-win32.whl", hash = "sha256:758ebaf74578b73f727acc4e8ab4b16ab6f22a5ffd7dd254e5946aba42a4ce76"},
    {file = "coverage-7.3.4-cp38-cp38-win_amd64.whl", hash = "sha256:309ed6a559bc942b7cc721f2976326efbfe81fc2b8f601c722bff927328507dc"},
    {file = "coverage-7.3.4-cp39-cp39-macosx_10_9_x86_64.whl", hash = "sha256:aefbb29dc56317a4fcb2f3857d5bce9b881038ed7e5aa5d3bcab25bd23f57328"},
    {file = "coverage-7.3.4-cp39-cp39-macosx_11_0_arm64.whl", hash = "sha256:183c16173a70caf92e2dfcfe7c7a576de6fa9edc4119b8e13f91db7ca33a7923"},
    {file = "coverage-7.3.4-cp39-cp39-manylinux_2_17_aarch64.manylinux2014_aarch64.whl", hash = "sha256:4a4184dcbe4f98d86470273e758f1d24191ca095412e4335ff27b417291f5964"},
    {file = "coverage-7.3.4-cp39-cp39-manylinux_2_5_i686.manylinux1_i686.manylinux_2_17_i686.manylinux2014_i686.whl", hash = "sha256:93698ac0995516ccdca55342599a1463ed2e2d8942316da31686d4d614597ef9"},
    {file = "coverage-7.3.4-cp39-cp39-manylinux_2_5_x86_64.manylinux1_x86_64.manylinux_2_17_x86_64.manylinux2014_x86_64.whl", hash = "sha256:fb220b3596358a86361139edce40d97da7458412d412e1e10c8e1970ee8c09ab"},
    {file = "coverage-7.3.4-cp39-cp39-musllinux_1_1_aarch64.whl", hash = "sha256:d5b14abde6f8d969e6b9dd8c7a013d9a2b52af1235fe7bebef25ad5c8f47fa18"},
    {file = "coverage-7.3.4-cp39-cp39-musllinux_1_1_i686.whl", hash = "sha256:610afaf929dc0e09a5eef6981edb6a57a46b7eceff151947b836d869d6d567c1"},
    {file = "coverage-7.3.4-cp39-cp39-musllinux_1_1_x86_64.whl", hash = "sha256:d6ed790728fb71e6b8247bd28e77e99d0c276dff952389b5388169b8ca7b1c28"},
    {file = "coverage-7.3.4-cp39-cp39-win32.whl", hash = "sha256:c15fdfb141fcf6a900e68bfa35689e1256a670db32b96e7a931cab4a0e1600e5"},
    {file = "coverage-7.3.4-cp39-cp39-win_amd64.whl", hash = "sha256:38d0b307c4d99a7aca4e00cad4311b7c51b7ac38fb7dea2abe0d182dd4008e05"},
    {file = "coverage-7.3.4-pp38.pp39.pp310-none-any.whl", hash = "sha256:b1e0f25ae99cf247abfb3f0fac7ae25739e4cd96bf1afa3537827c576b4847e5"},
    {file = "coverage-7.3.4.tar.gz", hash = "sha256:020d56d2da5bc22a0e00a5b0d54597ee91ad72446fa4cf1b97c35022f6b6dbf0"},
]

[package.dependencies]
tomli = {version = "*", optional = true, markers = "python_full_version <= \"3.11.0a6\" and extra == \"toml\""}

[package.extras]
toml = ["tomli"]

[[package]]
name = "exceptiongroup"
version = "1.2.0"
description = "Backport of PEP 654 (exception groups)"
optional = false
python-versions = ">=3.7"
files = [
    {file = "exceptiongroup-1.2.0-py3-none-any.whl", hash = "sha256:4bfd3996ac73b41e9b9628b04e079f193850720ea5945fc96a08633c66912f14"},
    {file = "exceptiongroup-1.2.0.tar.gz", hash = "sha256:91f5c769735f051a4290d52edd0858999b57e5876e9f85937691bd4c9fa3ed68"},
]

[package.extras]
test = ["pytest (>=6)"]

[[package]]
name = "filetype"
version = "1.2.0"
description = "Infer file type and MIME type of any file/buffer. No external dependencies."
optional = false
python-versions = "*"
files = [
    {file = "filetype-1.2.0-py2.py3-none-any.whl", hash = "sha256:7ce71b6880181241cf7ac8697a2f1eb6a8bd9b429f7ad6d27b8db9ba5f1c2d25"},
    {file = "filetype-1.2.0.tar.gz", hash = "sha256:66b56cd6474bf41d8c54660347d37afcc3f7d1970648de365c102ef77548aadb"},
]

[[package]]
name = "greenlet"
version = "3.0.2"
description = "Lightweight in-process concurrent programming"
optional = false
python-versions = ">=3.7"
files = [
    {file = "greenlet-3.0.2-cp310-cp310-macosx_11_0_universal2.whl", hash = "sha256:9acd8fd67c248b8537953cb3af8787c18a87c33d4dcf6830e410ee1f95a63fd4"},
    {file = "greenlet-3.0.2-cp310-cp310-manylinux_2_17_aarch64.manylinux2014_aarch64.whl", hash = "sha256:339c0272a62fac7e602e4e6ec32a64ff9abadc638b72f17f6713556ed011d493"},
    {file = "greenlet-3.0.2-cp310-cp310-manylinux_2_17_ppc64le.manylinux2014_ppc64le.whl", hash = "sha256:38878744926cec29b5cc3654ef47f3003f14bfbba7230e3c8492393fe29cc28b"},
    {file = "greenlet-3.0.2-cp310-cp310-manylinux_2_17_s390x.manylinux2014_s390x.whl", hash = "sha256:b3f0497db77cfd034f829678b28267eeeeaf2fc21b3f5041600f7617139e6773"},
    {file = "greenlet-3.0.2-cp310-cp310-manylinux_2_17_x86_64.manylinux2014_x86_64.whl", hash = "sha256:ed1a8a08de7f68506a38f9a2ddb26bbd1480689e66d788fcd4b5f77e2d9ecfcc"},
    {file = "greenlet-3.0.2-cp310-cp310-manylinux_2_24_x86_64.manylinux_2_28_x86_64.whl", hash = "sha256:89a6f6ddcbef4000cda7e205c4c20d319488ff03db961d72d4e73519d2465309"},
    {file = "greenlet-3.0.2-cp310-cp310-musllinux_1_1_aarch64.whl", hash = "sha256:c1f647fe5b94b51488b314c82fdda10a8756d650cee8d3cd29f657c6031bdf73"},
    {file = "greenlet-3.0.2-cp310-cp310-musllinux_1_1_x86_64.whl", hash = "sha256:9560c580c896030ff9c311c603aaf2282234643c90d1dec738a1d93e3e53cd51"},
    {file = "greenlet-3.0.2-cp310-cp310-win_amd64.whl", hash = "sha256:2e9c5423046eec21f6651268cb674dfba97280701e04ef23d312776377313206"},
    {file = "greenlet-3.0.2-cp311-cp311-macosx_11_0_universal2.whl", hash = "sha256:b1fd25dfc5879a82103b3d9e43fa952e3026c221996ff4d32a9c72052544835d"},
    {file = "greenlet-3.0.2-cp311-cp311-manylinux_2_17_aarch64.manylinux2014_aarch64.whl", hash = "sha256:cecfdc950dd25f25d6582952e58521bca749cf3eeb7a9bad69237024308c8196"},
    {file = "greenlet-3.0.2-cp311-cp311-manylinux_2_17_ppc64le.manylinux2014_ppc64le.whl", hash = "sha256:edf7a1daba1f7c54326291a8cde58da86ab115b78c91d502be8744f0aa8e3ffa"},
    {file = "greenlet-3.0.2-cp311-cp311-manylinux_2_17_s390x.manylinux2014_s390x.whl", hash = "sha256:f4cf532bf3c58a862196b06947b1b5cc55503884f9b63bf18582a75228d9950e"},
    {file = "greenlet-3.0.2-cp311-cp311-manylinux_2_17_x86_64.manylinux2014_x86_64.whl", hash = "sha256:e79fb5a9fb2d0bd3b6573784f5e5adabc0b0566ad3180a028af99523ce8f6138"},
    {file = "greenlet-3.0.2-cp311-cp311-manylinux_2_24_x86_64.manylinux_2_28_x86_64.whl", hash = "sha256:006c1028ac0cfcc4e772980cfe73f5476041c8c91d15d64f52482fc571149d46"},
    {file = "greenlet-3.0.2-cp311-cp311-musllinux_1_1_aarch64.whl", hash = "sha256:fefd5eb2c0b1adffdf2802ff7df45bfe65988b15f6b972706a0e55d451bffaea"},
    {file = "greenlet-3.0.2-cp311-cp311-musllinux_1_1_x86_64.whl", hash = "sha256:0c0fdb8142742ee68e97c106eb81e7d3e883cc739d9c5f2b28bc38a7bafeb6d1"},
    {file = "greenlet-3.0.2-cp311-cp311-win_amd64.whl", hash = "sha256:8f8d14a0a4e8c670fbce633d8b9a1ee175673a695475acd838e372966845f764"},
    {file = "greenlet-3.0.2-cp312-cp312-macosx_11_0_universal2.whl", hash = "sha256:654b84c9527182036747938b81938f1d03fb8321377510bc1854a9370418ab66"},
    {file = "greenlet-3.0.2-cp312-cp312-manylinux_2_17_aarch64.manylinux2014_aarch64.whl", hash = "sha256:cd5bc4fde0842ff2b9cf33382ad0b4db91c2582db836793d58d174c569637144"},
    {file = "greenlet-3.0.2-cp312-cp312-manylinux_2_17_ppc64le.manylinux2014_ppc64le.whl", hash = "sha256:c27b142a9080bdd5869a2fa7ebf407b3c0b24bd812db925de90e9afe3c417fd6"},
    {file = "greenlet-3.0.2-cp312-cp312-manylinux_2_17_s390x.manylinux2014_s390x.whl", hash = "sha256:0df7eed98ea23b20e9db64d46eb05671ba33147df9405330695bcd81a73bb0c9"},
    {file = "greenlet-3.0.2-cp312-cp312-manylinux_2_17_x86_64.manylinux2014_x86_64.whl", hash = "sha256:fb5d60805057d8948065338be6320d35e26b0a72f45db392eb32b70dd6dc9227"},
    {file = "greenlet-3.0.2-cp312-cp312-manylinux_2_24_x86_64.manylinux_2_28_x86_64.whl", hash = "sha256:e0e28f5233d64c693382f66d47c362b72089ebf8ac77df7e12ac705c9fa1163d"},
    {file = "greenlet-3.0.2-cp312-cp312-musllinux_1_1_aarch64.whl", hash = "sha256:3e4bfa752b3688d74ab1186e2159779ff4867644d2b1ebf16db14281f0445377"},
    {file = "greenlet-3.0.2-cp312-cp312-musllinux_1_1_x86_64.whl", hash = "sha256:c42bb589e6e9f9d8bdd79f02f044dff020d30c1afa6e84c0b56d1ce8a324553c"},
    {file = "greenlet-3.0.2-cp312-cp312-win_amd64.whl", hash = "sha256:b2cedf279ca38ef3f4ed0d013a6a84a7fc3d9495a716b84a5fc5ff448965f251"},
    {file = "greenlet-3.0.2-cp37-cp37m-macosx_11_0_universal2.whl", hash = "sha256:6d65bec56a7bc352bcf11b275b838df618651109074d455a772d3afe25390b7d"},
    {file = "greenlet-3.0.2-cp37-cp37m-manylinux_2_17_aarch64.manylinux2014_aarch64.whl", hash = "sha256:0acadbc3f72cb0ee85070e8d36bd2a4673d2abd10731ee73c10222cf2dd4713c"},
    {file = "greenlet-3.0.2-cp37-cp37m-manylinux_2_17_ppc64le.manylinux2014_ppc64le.whl", hash = "sha256:14b5d999aefe9ffd2049ad19079f733c3aaa426190ffecadb1d5feacef8fe397"},
    {file = "greenlet-3.0.2-cp37-cp37m-manylinux_2_17_s390x.manylinux2014_s390x.whl", hash = "sha256:f27aa32466993c92d326df982c4acccd9530fe354e938d9e9deada563e71ce76"},
    {file = "greenlet-3.0.2-cp37-cp37m-manylinux_2_17_x86_64.manylinux2014_x86_64.whl", hash = "sha256:8f34a765c5170c0673eb747213a0275ecc749ab3652bdbec324621ed5b2edaef"},
    {file = "greenlet-3.0.2-cp37-cp37m-manylinux_2_24_x86_64.manylinux_2_28_x86_64.whl", hash = "sha256:520fcb53a39ef90f5021c77606952dbbc1da75d77114d69b8d7bded4a8e1a813"},
    {file = "greenlet-3.0.2-cp37-cp37m-musllinux_1_1_aarch64.whl", hash = "sha256:d1fceb5351ab1601903e714c3028b37f6ea722be6873f46e349a960156c05650"},
    {file = "greenlet-3.0.2-cp37-cp37m-musllinux_1_1_x86_64.whl", hash = "sha256:7363756cc439a503505b67983237d1cc19139b66488263eb19f5719a32597836"},
    {file = "greenlet-3.0.2-cp37-cp37m-win32.whl", hash = "sha256:d5547b462b8099b84746461e882a3eb8a6e3f80be46cb6afb8524eeb191d1a30"},
    {file = "greenlet-3.0.2-cp37-cp37m-win_amd64.whl", hash = "sha256:950e21562818f9c771989b5b65f990e76f4ac27af66e1bb34634ae67886ede2a"},
    {file = "greenlet-3.0.2-cp38-cp38-macosx_11_0_universal2.whl", hash = "sha256:d64643317e76b4b41fdba659e7eca29634e5739b8bc394eda3a9127f697ed4b0"},
    {file = "greenlet-3.0.2-cp38-cp38-manylinux_2_17_aarch64.manylinux2014_aarch64.whl", hash = "sha256:5f9ea7c2c9795549653b6f7569f6bc75d2c7d1f6b2854eb8ce0bc6ec3cb2dd88"},
    {file = "greenlet-3.0.2-cp38-cp38-manylinux_2_17_ppc64le.manylinux2014_ppc64le.whl", hash = "sha256:db4233358d3438369051a2f290f1311a360d25c49f255a6c5d10b5bcb3aa2b49"},
    {file = "greenlet-3.0.2-cp38-cp38-manylinux_2_17_s390x.manylinux2014_s390x.whl", hash = "sha256:ed9bf77b41798e8417657245b9f3649314218a4a17aefb02bb3992862df32495"},
    {file = "greenlet-3.0.2-cp38-cp38-manylinux_2_17_x86_64.manylinux2014_x86_64.whl", hash = "sha256:d4d0df07a38e41a10dfb62c6fc75ede196572b580f48ee49b9282c65639f3965"},
    {file = "greenlet-3.0.2-cp38-cp38-manylinux_2_24_x86_64.manylinux_2_28_x86_64.whl", hash = "sha256:10d247260db20887ae8857c0cbc750b9170f0b067dd7d38fb68a3f2334393bd3"},
    {file = "greenlet-3.0.2-cp38-cp38-musllinux_1_1_aarch64.whl", hash = "sha256:a37ae53cca36823597fd5f65341b6f7bac2dd69ecd6ca01334bb795460ab150b"},
    {file = "greenlet-3.0.2-cp38-cp38-musllinux_1_1_x86_64.whl", hash = "sha256:80d068e4b6e2499847d916ef64176811ead6bf210a610859220d537d935ec6fd"},
    {file = "greenlet-3.0.2-cp38-cp38-win32.whl", hash = "sha256:b1405614692ac986490d10d3e1a05e9734f473750d4bee3cf7d1286ef7af7da6"},
    {file = "greenlet-3.0.2-cp38-cp38-win_amd64.whl", hash = "sha256:8756a94ed8f293450b0e91119eca2a36332deba69feb2f9ca410d35e74eae1e4"},
    {file = "greenlet-3.0.2-cp39-cp39-macosx_11_0_universal2.whl", hash = "sha256:2c93cd03acb1499ee4de675e1a4ed8eaaa7227f7949dc55b37182047b006a7aa"},
    {file = "greenlet-3.0.2-cp39-cp39-manylinux_2_17_aarch64.manylinux2014_aarch64.whl", hash = "sha256:1dac09e3c0b78265d2e6d3cbac2d7c48bd1aa4b04a8ffeda3adde9f1688df2c3"},
    {file = "greenlet-3.0.2-cp39-cp39-manylinux_2_17_ppc64le.manylinux2014_ppc64le.whl", hash = "sha256:2ee59c4627c8c4bb3e15949fbcd499abd6b7f4ad9e0bfcb62c65c5e2cabe0ec4"},
    {file = "greenlet-3.0.2-cp39-cp39-manylinux_2_17_s390x.manylinux2014_s390x.whl", hash = "sha256:18fe39d70d482b22f0014e84947c5aaa7211fb8e13dc4cc1c43ed2aa1db06d9a"},
    {file = "greenlet-3.0.2-cp39-cp39-manylinux_2_17_x86_64.manylinux2014_x86_64.whl", hash = "sha256:e84bef3cfb6b6bfe258c98c519811c240dbc5b33a523a14933a252e486797c90"},
    {file = "greenlet-3.0.2-cp39-cp39-manylinux_2_24_x86_64.manylinux_2_28_x86_64.whl", hash = "sha256:aecea0442975741e7d69daff9b13c83caff8c13eeb17485afa65f6360a045765"},
    {file = "greenlet-3.0.2-cp39-cp39-musllinux_1_1_aarch64.whl", hash = "sha256:f260e6c2337871a52161824058923df2bbddb38bc11a5cbe71f3474d877c5bd9"},
    {file = "greenlet-3.0.2-cp39-cp39-musllinux_1_1_x86_64.whl", hash = "sha256:fc14dd9554f88c9c1fe04771589ae24db76cd56c8f1104e4381b383d6b71aff8"},
    {file = "greenlet-3.0.2-cp39-cp39-win32.whl", hash = "sha256:bfcecc984d60b20ffe30173b03bfe9ba6cb671b0be1e95c3e2056d4fe7006590"},
    {file = "greenlet-3.0.2-cp39-cp39-win_amd64.whl", hash = "sha256:c235131bf59d2546bb3ebaa8d436126267392f2e51b85ff45ac60f3a26549af0"},
    {file = "greenlet-3.0.2.tar.gz", hash = "sha256:1c1129bc47266d83444c85a8e990ae22688cf05fb20d7951fd2866007c2ba9bc"},
]

[package.extras]
docs = ["Sphinx"]
test = ["objgraph", "psutil"]

[[package]]
name = "iniconfig"
version = "2.0.0"
description = "brain-dead simple config-ini parsing"
optional = false
python-versions = ">=3.7"
files = [
    {file = "iniconfig-2.0.0-py3-none-any.whl", hash = "sha256:b6a85871a79d2e3b22d2d1b94ac2824226a63c6b741c88f7ae975f18b6778374"},
    {file = "iniconfig-2.0.0.tar.gz", hash = "sha256:2d91e135bf72d31a410b17c16da610a82cb55f6b0477d1a902134b24a455b8b3"},
]

[[package]]
name = "mando"
version = "0.7.1"
description = "Create Python CLI apps with little to no effort at all!"
optional = false
python-versions = "*"
files = [
    {file = "mando-0.7.1-py2.py3-none-any.whl", hash = "sha256:26ef1d70928b6057ee3ca12583d73c63e05c49de8972d620c278a7b206581a8a"},
    {file = "mando-0.7.1.tar.gz", hash = "sha256:18baa999b4b613faefb00eac4efadcf14f510b59b924b66e08289aa1de8c3500"},
]

[package.dependencies]
six = "*"

[package.extras]
restructuredtext = ["rst2ansi"]

[[package]]
name = "msgpack"
version = "1.0.7"
description = "MessagePack serializer"
optional = false
python-versions = ">=3.8"
files = [
    {file = "msgpack-1.0.7-cp310-cp310-macosx_10_9_universal2.whl", hash = "sha256:04ad6069c86e531682f9e1e71b71c1c3937d6014a7c3e9edd2aa81ad58842862"},
    {file = "msgpack-1.0.7-cp310-cp310-macosx_10_9_x86_64.whl", hash = "sha256:cca1b62fe70d761a282496b96a5e51c44c213e410a964bdffe0928e611368329"},
    {file = "msgpack-1.0.7-cp310-cp310-macosx_11_0_arm64.whl", hash = "sha256:e50ebce52f41370707f1e21a59514e3375e3edd6e1832f5e5235237db933c98b"},
    {file = "msgpack-1.0.7-cp310-cp310-manylinux_2_17_aarch64.manylinux2014_aarch64.whl", hash = "sha256:4a7b4f35de6a304b5533c238bee86b670b75b03d31b7797929caa7a624b5dda6"},
    {file = "msgpack-1.0.7-cp310-cp310-manylinux_2_17_x86_64.manylinux2014_x86_64.whl", hash = "sha256:28efb066cde83c479dfe5a48141a53bc7e5f13f785b92ddde336c716663039ee"},
    {file = "msgpack-1.0.7-cp310-cp310-manylinux_2_5_i686.manylinux1_i686.manylinux_2_17_i686.manylinux2014_i686.whl", hash = "sha256:4cb14ce54d9b857be9591ac364cb08dc2d6a5c4318c1182cb1d02274029d590d"},
    {file = "msgpack-1.0.7-cp310-cp310-musllinux_1_1_aarch64.whl", hash = "sha256:b573a43ef7c368ba4ea06050a957c2a7550f729c31f11dd616d2ac4aba99888d"},
    {file = "msgpack-1.0.7-cp310-cp310-musllinux_1_1_i686.whl", hash = "sha256:ccf9a39706b604d884d2cb1e27fe973bc55f2890c52f38df742bc1d79ab9f5e1"},
    {file = "msgpack-1.0.7-cp310-cp310-musllinux_1_1_x86_64.whl", hash = "sha256:cb70766519500281815dfd7a87d3a178acf7ce95390544b8c90587d76b227681"},
    {file = "msgpack-1.0.7-cp310-cp310-win32.whl", hash = "sha256:b610ff0f24e9f11c9ae653c67ff8cc03c075131401b3e5ef4b82570d1728f8a9"},
    {file = "msgpack-1.0.7-cp310-cp310-win_amd64.whl", hash = "sha256:a40821a89dc373d6427e2b44b572efc36a2778d3f543299e2f24eb1a5de65415"},
    {file = "msgpack-1.0.7-cp311-cp311-macosx_10_9_universal2.whl", hash = "sha256:576eb384292b139821c41995523654ad82d1916da6a60cff129c715a6223ea84"},
    {file = "msgpack-1.0.7-cp311-cp311-macosx_10_9_x86_64.whl", hash = "sha256:730076207cb816138cf1af7f7237b208340a2c5e749707457d70705715c93b93"},
    {file = "msgpack-1.0.7-cp311-cp311-macosx_11_0_arm64.whl", hash = "sha256:85765fdf4b27eb5086f05ac0491090fc76f4f2b28e09d9350c31aac25a5aaff8"},
    {file = "msgpack-1.0.7-cp311-cp311-manylinux_2_17_aarch64.manylinux2014_aarch64.whl", hash = "sha256:3476fae43db72bd11f29a5147ae2f3cb22e2f1a91d575ef130d2bf49afd21c46"},
    {file = "msgpack-1.0.7-cp311-cp311-manylinux_2_17_x86_64.manylinux2014_x86_64.whl", hash = "sha256:6d4c80667de2e36970ebf74f42d1088cc9ee7ef5f4e8c35eee1b40eafd33ca5b"},
    {file = "msgpack-1.0.7-cp311-cp311-manylinux_2_5_i686.manylinux1_i686.manylinux_2_17_i686.manylinux2014_i686.whl", hash = "sha256:5b0bf0effb196ed76b7ad883848143427a73c355ae8e569fa538365064188b8e"},
    {file = "msgpack-1.0.7-cp311-cp311-musllinux_1_1_aarch64.whl", hash = "sha256:f9a7c509542db4eceed3dcf21ee5267ab565a83555c9b88a8109dcecc4709002"},
    {file = "msgpack-1.0.7-cp311-cp311-musllinux_1_1_i686.whl", hash = "sha256:84b0daf226913133f899ea9b30618722d45feffa67e4fe867b0b5ae83a34060c"},
    {file = "msgpack-1.0.7-cp311-cp311-musllinux_1_1_x86_64.whl", hash = "sha256:ec79ff6159dffcc30853b2ad612ed572af86c92b5168aa3fc01a67b0fa40665e"},
    {file = "msgpack-1.0.7-cp311-cp311-win32.whl", hash = "sha256:3e7bf4442b310ff154b7bb9d81eb2c016b7d597e364f97d72b1acc3817a0fdc1"},
    {file = "msgpack-1.0.7-cp311-cp311-win_amd64.whl", hash = "sha256:3f0c8c6dfa6605ab8ff0611995ee30d4f9fcff89966cf562733b4008a3d60d82"},
    {file = "msgpack-1.0.7-cp312-cp312-macosx_10_9_universal2.whl", hash = "sha256:f0936e08e0003f66bfd97e74ee530427707297b0d0361247e9b4f59ab78ddc8b"},
    {file = "msgpack-1.0.7-cp312-cp312-macosx_10_9_x86_64.whl", hash = "sha256:98bbd754a422a0b123c66a4c341de0474cad4a5c10c164ceed6ea090f3563db4"},
    {file = "msgpack-1.0.7-cp312-cp312-macosx_11_0_arm64.whl", hash = "sha256:b291f0ee7961a597cbbcc77709374087fa2a9afe7bdb6a40dbbd9b127e79afee"},
    {file = "msgpack-1.0.7-cp312-cp312-manylinux_2_17_aarch64.manylinux2014_aarch64.whl", hash = "sha256:ebbbba226f0a108a7366bf4b59bf0f30a12fd5e75100c630267d94d7f0ad20e5"},
    {file = "msgpack-1.0.7-cp312-cp312-manylinux_2_17_x86_64.manylinux2014_x86_64.whl", hash = "sha256:1e2d69948e4132813b8d1131f29f9101bc2c915f26089a6d632001a5c1349672"},
    {file = "msgpack-1.0.7-cp312-cp312-manylinux_2_5_i686.manylinux1_i686.manylinux_2_17_i686.manylinux2014_i686.whl", hash = "sha256:bdf38ba2d393c7911ae989c3bbba510ebbcdf4ecbdbfec36272abe350c454075"},
    {file = "msgpack-1.0.7-cp312-cp312-musllinux_1_1_aarch64.whl", hash = "sha256:993584fc821c58d5993521bfdcd31a4adf025c7d745bbd4d12ccfecf695af5ba"},
    {file = "msgpack-1.0.7-cp312-cp312-musllinux_1_1_i686.whl", hash = "sha256:52700dc63a4676669b341ba33520f4d6e43d3ca58d422e22ba66d1736b0a6e4c"},
    {file = "msgpack-1.0.7-cp312-cp312-musllinux_1_1_x86_64.whl", hash = "sha256:e45ae4927759289c30ccba8d9fdce62bb414977ba158286b5ddaf8df2cddb5c5"},
    {file = "msgpack-1.0.7-cp312-cp312-win32.whl", hash = "sha256:27dcd6f46a21c18fa5e5deed92a43d4554e3df8d8ca5a47bf0615d6a5f39dbc9"},
    {file = "msgpack-1.0.7-cp312-cp312-win_amd64.whl", hash = "sha256:7687e22a31e976a0e7fc99c2f4d11ca45eff652a81eb8c8085e9609298916dcf"},
    {file = "msgpack-1.0.7-cp38-cp38-macosx_10_9_universal2.whl", hash = "sha256:5b6ccc0c85916998d788b295765ea0e9cb9aac7e4a8ed71d12e7d8ac31c23c95"},
    {file = "msgpack-1.0.7-cp38-cp38-macosx_10_9_x86_64.whl", hash = "sha256:235a31ec7db685f5c82233bddf9858748b89b8119bf4538d514536c485c15fe0"},
    {file = "msgpack-1.0.7-cp38-cp38-macosx_11_0_arm64.whl", hash = "sha256:cab3db8bab4b7e635c1c97270d7a4b2a90c070b33cbc00c99ef3f9be03d3e1f7"},
    {file = "msgpack-1.0.7-cp38-cp38-manylinux_2_17_aarch64.manylinux2014_aarch64.whl", hash = "sha256:0bfdd914e55e0d2c9e1526de210f6fe8ffe9705f2b1dfcc4aecc92a4cb4b533d"},
    {file = "msgpack-1.0.7-cp38-cp38-manylinux_2_17_x86_64.manylinux2014_x86_64.whl", hash = "sha256:36e17c4592231a7dbd2ed09027823ab295d2791b3b1efb2aee874b10548b7524"},
    {file = "msgpack-1.0.7-cp38-cp38-manylinux_2_5_i686.manylinux1_i686.manylinux_2_17_i686.manylinux2014_i686.whl", hash = "sha256:38949d30b11ae5f95c3c91917ee7a6b239f5ec276f271f28638dec9156f82cfc"},
    {file = "msgpack-1.0.7-cp38-cp38-musllinux_1_1_aarch64.whl", hash = "sha256:ff1d0899f104f3921d94579a5638847f783c9b04f2d5f229392ca77fba5b82fc"},
    {file = "msgpack-1.0.7-cp38-cp38-musllinux_1_1_i686.whl", hash = "sha256:dc43f1ec66eb8440567186ae2f8c447d91e0372d793dfe8c222aec857b81a8cf"},
    {file = "msgpack-1.0.7-cp38-cp38-musllinux_1_1_x86_64.whl", hash = "sha256:dd632777ff3beaaf629f1ab4396caf7ba0bdd075d948a69460d13d44357aca4c"},
    {file = "msgpack-1.0.7-cp38-cp38-win32.whl", hash = "sha256:4e71bc4416de195d6e9b4ee93ad3f2f6b2ce11d042b4d7a7ee00bbe0358bd0c2"},
    {file = "msgpack-1.0.7-cp38-cp38-win_amd64.whl", hash = "sha256:8f5b234f567cf76ee489502ceb7165c2a5cecec081db2b37e35332b537f8157c"},
    {file = "msgpack-1.0.7-cp39-cp39-macosx_10_9_universal2.whl", hash = "sha256:bfef2bb6ef068827bbd021017a107194956918ab43ce4d6dc945ffa13efbc25f"},
    {file = "msgpack-1.0.7-cp39-cp39-macosx_10_9_x86_64.whl", hash = "sha256:484ae3240666ad34cfa31eea7b8c6cd2f1fdaae21d73ce2974211df099a95d81"},
    {file = "msgpack-1.0.7-cp39-cp39-macosx_11_0_arm64.whl", hash = "sha256:3967e4ad1aa9da62fd53e346ed17d7b2e922cba5ab93bdd46febcac39be636fc"},
    {file = "msgpack-1.0.7-cp39-cp39-manylinux_2_17_aarch64.manylinux2014_aarch64.whl", hash = "sha256:8dd178c4c80706546702c59529ffc005681bd6dc2ea234c450661b205445a34d"},
    {file = "msgpack-1.0.7-cp39-cp39-manylinux_2_17_x86_64.manylinux2014_x86_64.whl", hash = "sha256:f6ffbc252eb0d229aeb2f9ad051200668fc3a9aaa8994e49f0cb2ffe2b7867e7"},
    {file = "msgpack-1.0.7-cp39-cp39-manylinux_2_5_i686.manylinux1_i686.manylinux_2_17_i686.manylinux2014_i686.whl", hash = "sha256:822ea70dc4018c7e6223f13affd1c5c30c0f5c12ac1f96cd8e9949acddb48a61"},
    {file = "msgpack-1.0.7-cp39-cp39-musllinux_1_1_aarch64.whl", hash = "sha256:384d779f0d6f1b110eae74cb0659d9aa6ff35aaf547b3955abf2ab4c901c4819"},
    {file = "msgpack-1.0.7-cp39-cp39-musllinux_1_1_i686.whl", hash = "sha256:f64e376cd20d3f030190e8c32e1c64582eba56ac6dc7d5b0b49a9d44021b52fd"},
    {file = "msgpack-1.0.7-cp39-cp39-musllinux_1_1_x86_64.whl", hash = "sha256:5ed82f5a7af3697b1c4786053736f24a0efd0a1b8a130d4c7bfee4b9ded0f08f"},
    {file = "msgpack-1.0.7-cp39-cp39-win32.whl", hash = "sha256:f26a07a6e877c76a88e3cecac8531908d980d3d5067ff69213653649ec0f60ad"},
    {file = "msgpack-1.0.7-cp39-cp39-win_amd64.whl", hash = "sha256:1dc93e8e4653bdb5910aed79f11e165c85732067614f180f70534f056da97db3"},
    {file = "msgpack-1.0.7.tar.gz", hash = "sha256:572efc93db7a4d27e404501975ca6d2d9775705c2d922390d878fcf768d92c87"},
]

[[package]]
name = "neovim"
version = "0.3.1"
description = "Transition packgage for pynvim"
optional = false
python-versions = "*"
files = [
    {file = "neovim-0.3.1.tar.gz", hash = "sha256:a6a0e7a5b4433bf4e6ddcbc5c5ff44170be7d84259d002b8e8d8fb4ee78af60f"},
]

[package.dependencies]
pynvim = ">=0.3.1"

[[package]]
name = "nodeenv"
version = "1.8.0"
description = "Node.js virtual environment builder"
optional = false
python-versions = ">=2.7,!=3.0.*,!=3.1.*,!=3.2.*,!=3.3.*,!=3.4.*,!=3.5.*,!=3.6.*"
files = [
    {file = "nodeenv-1.8.0-py2.py3-none-any.whl", hash = "sha256:df865724bb3c3adc86b3876fa209771517b0cfe596beff01a92700e0e8be4cec"},
    {file = "nodeenv-1.8.0.tar.gz", hash = "sha256:d51e0c37e64fbf47d017feac3145cdbb58836d7eee8c6f6d3b6880c5456227d2"},
]

[package.dependencies]
setuptools = "*"

[[package]]
name = "packaging"
version = "23.2"
description = "Core utilities for Python packages"
optional = false
python-versions = ">=3.7"
files = [
    {file = "packaging-23.2-py3-none-any.whl", hash = "sha256:8c491190033a9af7e1d931d0b5dacc2ef47509b34dd0de67ed209b5203fc88c7"},
    {file = "packaging-23.2.tar.gz", hash = "sha256:048fb0e9405036518eaaf48a55953c750c11e1a1b68e0dd1a9d62ed0c092cfc5"},
]

[[package]]
name = "pluggy"
version = "1.3.0"
description = "plugin and hook calling mechanisms for python"
optional = false
python-versions = ">=3.8"
files = [
    {file = "pluggy-1.3.0-py3-none-any.whl", hash = "sha256:d89c696a773f8bd377d18e5ecda92b7a3793cbe66c87060a6fb58c7b6e1061f7"},
    {file = "pluggy-1.3.0.tar.gz", hash = "sha256:cf61ae8f126ac6f7c451172cf30e3e43d3ca77615509771b3a984a0730651e12"},
]

[package.extras]
dev = ["pre-commit", "tox"]
testing = ["pytest", "pytest-benchmark"]

[[package]]
name = "pymupdf"
version = "1.23.8"
description = "A high performance Python library for data extraction, analysis, conversion & manipulation of PDF (and other) documents."
optional = false
python-versions = ">=3.8"
files = [
    {file = "PyMuPDF-1.23.8-cp310-none-macosx_10_9_x86_64.whl", hash = "sha256:34dbdddd71ccb494a8e729580acf895febcbfd6681d6f85403e8ead665a01016"},
    {file = "PyMuPDF-1.23.8-cp310-none-macosx_11_0_arm64.whl", hash = "sha256:74f1d35a6b2cdbb45bb3e8d14336a4afc227e7339ce1b632aa29ace49313bfe6"},
    {file = "PyMuPDF-1.23.8-cp310-none-manylinux2014_aarch64.whl", hash = "sha256:d4dd5dd54abb2c413812cbd1469244e18f32f89990a8341098337e617eca875a"},
    {file = "PyMuPDF-1.23.8-cp310-none-manylinux2014_x86_64.whl", hash = "sha256:03985273a69bb980ae5640ac8e1e193b53a61a175bb446ee7fabc78fd9409a71"},
    {file = "PyMuPDF-1.23.8-cp310-none-win32.whl", hash = "sha256:099ec6b82f7082731c966f9d2874d5638884e864e31d4b50b1ad3b0954497399"},
    {file = "PyMuPDF-1.23.8-cp310-none-win_amd64.whl", hash = "sha256:a3b54705c152f60c7b8abea40253731caa7aebc5c10e5547e8d12f93546c5b1e"},
    {file = "PyMuPDF-1.23.8-cp311-none-macosx_10_9_x86_64.whl", hash = "sha256:4f62b2940d88ffcc706c1a5d21efa24a01b65d1c87f0d4669d03b136c984098b"},
    {file = "PyMuPDF-1.23.8-cp311-none-macosx_11_0_arm64.whl", hash = "sha256:58ab6e7121550767ff4e595800317c9acc8d5c1a3ddaf9116f257bb8159af501"},
    {file = "PyMuPDF-1.23.8-cp311-none-manylinux2014_aarch64.whl", hash = "sha256:4a8f8322daabcbae02fe31cfa270000ebb31a327c766cd7423fff38ab55b3b4e"},
    {file = "PyMuPDF-1.23.8-cp311-none-manylinux2014_x86_64.whl", hash = "sha256:ed917f7b66c332e5fb6bcda2dcb71b6eddeca24e4d0ea7984e0cb3628fbee894"},
    {file = "PyMuPDF-1.23.8-cp311-none-win32.whl", hash = "sha256:dec10e23b2dd813fe75d60db0af38b4b640ad6066cb57afe3536273d8740d15e"},
    {file = "PyMuPDF-1.23.8-cp311-none-win_amd64.whl", hash = "sha256:9d272e46cd08e65c5811ad9be84bf4fd5f559e538eae87694d5a4685585c633e"},
    {file = "PyMuPDF-1.23.8-cp312-none-macosx_10_9_x86_64.whl", hash = "sha256:e083fbd3a6c1292ddd564cf7187cf0a333ef79c73afb31532e0b26129df3d3b4"},
    {file = "PyMuPDF-1.23.8-cp312-none-macosx_11_0_arm64.whl", hash = "sha256:fde13b2e5233a77e2b27e80e83d4f8ae3532e77f4870233e62d09b2c0349389c"},
    {file = "PyMuPDF-1.23.8-cp312-none-manylinux2014_aarch64.whl", hash = "sha256:6198b94a276faa370800fbe0e32cea5ca632e50310011d3e60e398e53a9f4ebf"},
    {file = "PyMuPDF-1.23.8-cp312-none-manylinux2014_x86_64.whl", hash = "sha256:157518a1f595ff469423f3e867a53468137a43d97041d624d72aab44eea28c67"},
    {file = "PyMuPDF-1.23.8-cp312-none-win32.whl", hash = "sha256:8e6dcb03473058022354de687a6264309b27582e140eea0688bc96529c27228b"},
    {file = "PyMuPDF-1.23.8-cp312-none-win_amd64.whl", hash = "sha256:07947f0e1e7439ceb244009ec27c23a6cf44f5ac6c39c23259ea64f54af37acc"},
    {file = "PyMuPDF-1.23.8-cp38-none-macosx_10_9_x86_64.whl", hash = "sha256:d6cda66e13d2aaf2db081db63be852379b27636e46a8e0384983696ac4719de8"},
    {file = "PyMuPDF-1.23.8-cp38-none-macosx_11_0_arm64.whl", hash = "sha256:238aff47b54cb36b0b0ad2f3dedf19b17a457064c78fc239a4529cc61f5fdbf3"},
    {file = "PyMuPDF-1.23.8-cp38-none-manylinux2014_aarch64.whl", hash = "sha256:551d0fbe64154db71aabf3c4c29d815db2d8671c1600f91a96240e2cfa8284a3"},
    {file = "PyMuPDF-1.23.8-cp38-none-manylinux2014_x86_64.whl", hash = "sha256:c3b7fabd4ffad84a25c1daf2074deae1c129ce77a390a2d37598ecbc6f2b0bc8"},
    {file = "PyMuPDF-1.23.8-cp38-none-win32.whl", hash = "sha256:2b20ec14018ca81243d4386da538d208c8969cb441dabed5fd2a5bc52863e18c"},
    {file = "PyMuPDF-1.23.8-cp38-none-win_amd64.whl", hash = "sha256:809eb5633bb3851a535a66a96212123289a6adf54b5cd187d50233a056740afd"},
    {file = "PyMuPDF-1.23.8-cp39-none-macosx_10_9_x86_64.whl", hash = "sha256:129369a2981725841824d8c2369800b0cfb4e88b57d58ef512c3bbeeb43968c4"},
    {file = "PyMuPDF-1.23.8-cp39-none-macosx_11_0_arm64.whl", hash = "sha256:8e745754a9ffcd4475cd077c6423b02c77f5c98dd654c613511def033608c430"},
    {file = "PyMuPDF-1.23.8-cp39-none-manylinux2014_aarch64.whl", hash = "sha256:2b0e631e8d0549bca000ca10ff51688fd7aca5387a54e62c2c0ad5336385b152"},
    {file = "PyMuPDF-1.23.8-cp39-none-manylinux2014_x86_64.whl", hash = "sha256:b6fa6c229e0dd83b8edf9a36952c41508ee6736dfa9ab706e3c9f5fb0953b214"},
    {file = "PyMuPDF-1.23.8-cp39-none-win32.whl", hash = "sha256:e96badb750f9952978615d0c61297f5bb7af718c9c318a09d70b8ba6e03c8cd8"},
    {file = "PyMuPDF-1.23.8-cp39-none-win_amd64.whl", hash = "sha256:4cca014862818330acdb4aa14ce7a792cb9e8cf3e81446340664c1af87dcb57c"},
    {file = "PyMuPDF-1.23.8.tar.gz", hash = "sha256:d8d60fded2a9b72b3535940bbee2066e4927cfaf66e1179f1bb06a8fdda6d4af"},
]

[package.dependencies]
PyMuPDFb = "1.23.7"

[[package]]
name = "pymupdfb"
version = "1.23.7"
description = "MuPDF shared libraries for PyMuPDF."
optional = false
python-versions = ">=3.8"
files = [
    {file = "PyMuPDFb-1.23.7-py3-none-macosx_10_9_x86_64.whl", hash = "sha256:3fddd302121a2109c31d0b2d554ef4afc426b67baa60221daf1bc277951ae4ef"},
    {file = "PyMuPDFb-1.23.7-py3-none-macosx_11_0_arm64.whl", hash = "sha256:aef672f303691904c8951f811f5de3e2ba09d1804571a7f002145ed535cedbdd"},
    {file = "PyMuPDFb-1.23.7-py3-none-manylinux2014_aarch64.manylinux_2_17_aarch64.whl", hash = "sha256:ca5a93fac4777f1d2de61fec2e0b96cf649c75bd60bc44f6b6547f8aaccb8a70"},
    {file = "PyMuPDFb-1.23.7-py3-none-manylinux2014_x86_64.manylinux_2_17_x86_64.whl", hash = "sha256:adb43972f75500fae50279919d589a49b91ed7a74ec03e811c5000727dd63cea"},
    {file = "PyMuPDFb-1.23.7-py3-none-win32.whl", hash = "sha256:f65e6dbf48daa2348ae708d76ed8310cc5eb9fc78eb335c5cade5dcaa3d52979"},
    {file = "PyMuPDFb-1.23.7-py3-none-win_amd64.whl", hash = "sha256:7552793efa6976574b8b7840fd0091773c410e6048bc7cbf4b2eb3ed92d0b7a5"},
]

[[package]]
name = "pynvim"
version = "0.5.0"
description = "Python client for Neovim"
optional = false
python-versions = ">=3.7"
files = [
    {file = "pynvim-0.5.0-py2.py3-none-any.whl", hash = "sha256:2ac197ef0cdfff53719184a45c33cfb7cef88d1c9bf7f0525c21b3239cb5365f"},
    {file = "pynvim-0.5.0.tar.gz", hash = "sha256:e80a11f6f5d194c6a47bea4135b90b55faca24da3544da7cf4a5f7ba8fb09215"},
]

[package.dependencies]
greenlet = ">=3.0"
msgpack = ">=0.5.0"

[package.extras]
pyuv = ["pyuv (>=1.0.0)"]
test = ["pytest"]

[[package]]
name = "pyright"
version = "1.1.342"
description = "Command line wrapper for pyright"
optional = false
python-versions = ">=3.7"
files = [
    {file = "pyright-1.1.342-py3-none-any.whl", hash = "sha256:9a7b95b3a2a90ef7b4297221173956f7f2db2a6cf4f0c7493f2a2349d38305fc"},
    {file = "pyright-1.1.342.tar.gz", hash = "sha256:c8e9785b9080c1aaf2a2efad706249ec65e15abd5f542ee455956acfd404d273"},
]

[package.dependencies]
nodeenv = ">=1.6.0"

[package.extras]
all = ["twine (>=3.4.1)"]
dev = ["twine (>=3.4.1)"]

[[package]]
name = "pytest"
version = "7.4.3"
description = "pytest: simple powerful testing with Python"
optional = false
python-versions = ">=3.7"
files = [
    {file = "pytest-7.4.3-py3-none-any.whl", hash = "sha256:0d009c083ea859a71b76adf7c1d502e4bc170b80a8ef002da5806527b9591fac"},
    {file = "pytest-7.4.3.tar.gz", hash = "sha256:d989d136982de4e3b29dabcc838ad581c64e8ed52c11fbe86ddebd9da0818cd5"},
]

[package.dependencies]
colorama = {version = "*", markers = "sys_platform == \"win32\""}
exceptiongroup = {version = ">=1.0.0rc8", markers = "python_version < \"3.11\""}
iniconfig = "*"
packaging = "*"
pluggy = ">=0.12,<2.0"
tomli = {version = ">=1.0.0", markers = "python_version < \"3.11\""}

[package.extras]
testing = ["argcomplete", "attrs (>=19.2.0)", "hypothesis (>=3.56)", "mock", "nose", "pygments (>=2.7.2)", "requests", "setuptools", "xmlschema"]

[[package]]
name = "pytest-cov"
version = "4.1.0"
description = "Pytest plugin for measuring coverage."
optional = false
python-versions = ">=3.7"
files = [
    {file = "pytest-cov-4.1.0.tar.gz", hash = "sha256:3904b13dfbfec47f003b8e77fd5b589cd11904a21ddf1ab38a64f204d6a10ef6"},
    {file = "pytest_cov-4.1.0-py3-none-any.whl", hash = "sha256:6ba70b9e97e69fcc3fb45bfeab2d0a138fb65c4d0d6a41ef33983ad114be8c3a"},
]

[package.dependencies]
coverage = {version = ">=5.2.1", extras = ["toml"]}
pytest = ">=4.6"

[package.extras]
testing = ["fields", "hunter", "process-tests", "pytest-xdist", "six", "virtualenv"]

[[package]]
name = "pytest-gitignore"
version = "1.3"
description = "py.test plugin to ignore the same files as git"
optional = false
python-versions = "*"
files = [
    {file = "pytest-gitignore-1.3.tar.gz", hash = "sha256:e62a59ad42731504926a0f7b66b0dd829b587ac9c07e304834ae050c82aca1e3"},
    {file = "pytest_gitignore-1.3-py2.py3-none-any.whl", hash = "sha256:a7ed6d47c3aa10807ecb76c5b52716dce512bc704d68717b238c65f6b59b6cb1"},
]

[package.dependencies]
pytest = ">=2.7"

[[package]]
name = "radon"
version = "6.0.1"
description = "Code Metrics in Python"
optional = false
python-versions = "*"
files = [
    {file = "radon-6.0.1-py2.py3-none-any.whl", hash = "sha256:632cc032364a6f8bb1010a2f6a12d0f14bc7e5ede76585ef29dc0cecf4cd8859"},
    {file = "radon-6.0.1.tar.gz", hash = "sha256:d1ac0053943a893878940fedc8b19ace70386fc9c9bf0a09229a44125ebf45b5"},
]

[package.dependencies]
colorama = {version = ">=0.4.1", markers = "python_version > \"3.4\""}
mando = ">=0.6,<0.8"
tomli = {version = ">=2.0.1", optional = true, markers = "extra == \"toml\""}

[package.extras]
toml = ["tomli (>=2.0.1)"]

[[package]]
name = "ruff"
version = "0.1.9"
description = "An extremely fast Python linter and code formatter, written in Rust."
optional = false
python-versions = ">=3.7"
files = [
    {file = "ruff-0.1.9-py3-none-macosx_10_12_x86_64.macosx_11_0_arm64.macosx_10_12_universal2.whl", hash = "sha256:e6a212f436122ac73df851f0cf006e0c6612fe6f9c864ed17ebefce0eff6a5fd"},
    {file = "ruff-0.1.9-py3-none-macosx_10_12_x86_64.whl", hash = "sha256:28d920e319783d5303333630dae46ecc80b7ba294aeffedf946a02ac0b7cc3db"},
    {file = "ruff-0.1.9-py3-none-manylinux_2_17_aarch64.manylinux2014_aarch64.whl", hash = "sha256:104aa9b5e12cb755d9dce698ab1b97726b83012487af415a4512fedd38b1459e"},
    {file = "ruff-0.1.9-py3-none-manylinux_2_17_armv7l.manylinux2014_armv7l.whl", hash = "sha256:1e63bf5a4a91971082a4768a0aba9383c12392d0d6f1e2be2248c1f9054a20da"},
    {file = "ruff-0.1.9-py3-none-manylinux_2_17_i686.manylinux2014_i686.whl", hash = "sha256:4d0738917c203246f3e275b37006faa3aa96c828b284ebfe3e99a8cb413c8c4b"},
    {file = "ruff-0.1.9-py3-none-manylinux_2_17_ppc64.manylinux2014_ppc64.whl", hash = "sha256:69dac82d63a50df2ab0906d97a01549f814b16bc806deeac4f064ff95c47ddf5"},
    {file = "ruff-0.1.9-py3-none-manylinux_2_17_ppc64le.manylinux2014_ppc64le.whl", hash = "sha256:2aec598fb65084e41a9c5d4b95726173768a62055aafb07b4eff976bac72a592"},
    {file = "ruff-0.1.9-py3-none-manylinux_2_17_s390x.manylinux2014_s390x.whl", hash = "sha256:744dfe4b35470fa3820d5fe45758aace6269c578f7ddc43d447868cfe5078bcb"},
    {file = "ruff-0.1.9-py3-none-manylinux_2_17_x86_64.manylinux2014_x86_64.whl", hash = "sha256:479ca4250cab30f9218b2e563adc362bd6ae6343df7c7b5a7865300a5156d5a6"},
    {file = "ruff-0.1.9-py3-none-musllinux_1_2_aarch64.whl", hash = "sha256:aa8344310f1ae79af9ccd6e4b32749e93cddc078f9b5ccd0e45bd76a6d2e8bb6"},
    {file = "ruff-0.1.9-py3-none-musllinux_1_2_armv7l.whl", hash = "sha256:837c739729394df98f342319f5136f33c65286b28b6b70a87c28f59354ec939b"},
    {file = "ruff-0.1.9-py3-none-musllinux_1_2_i686.whl", hash = "sha256:e6837202c2859b9f22e43cb01992373c2dbfeae5c0c91ad691a4a2e725392464"},
    {file = "ruff-0.1.9-py3-none-musllinux_1_2_x86_64.whl", hash = "sha256:331aae2cd4a0554667ac683243b151c74bd60e78fb08c3c2a4ac05ee1e606a39"},
    {file = "ruff-0.1.9-py3-none-win32.whl", hash = "sha256:8151425a60878e66f23ad47da39265fc2fad42aed06fb0a01130e967a7a064f4"},
    {file = "ruff-0.1.9-py3-none-win_amd64.whl", hash = "sha256:c497d769164df522fdaf54c6eba93f397342fe4ca2123a2e014a5b8fc7df81c7"},
    {file = "ruff-0.1.9-py3-none-win_arm64.whl", hash = "sha256:0e17f53bcbb4fff8292dfd84cf72d767b5e146f009cccd40c2fad27641f8a7a9"},
    {file = "ruff-0.1.9.tar.gz", hash = "sha256:b041dee2734719ddbb4518f762c982f2e912e7f28b8ee4fe1dee0b15d1b6e800"},
]

[[package]]
name = "setuptools"
version = "69.0.2"
description = "Easily download, build, install, upgrade, and uninstall Python packages"
optional = false
python-versions = ">=3.8"
files = [
    {file = "setuptools-69.0.2-py3-none-any.whl", hash = "sha256:1e8fdff6797d3865f37397be788a4e3cba233608e9b509382a2777d25ebde7f2"},
    {file = "setuptools-69.0.2.tar.gz", hash = "sha256:735896e78a4742605974de002ac60562d286fa8051a7e2299445e8e8fbb01aa6"},
]

[package.extras]
docs = ["furo", "jaraco.packaging (>=9.3)", "jaraco.tidelift (>=1.4)", "pygments-github-lexers (==0.0.5)", "rst.linker (>=1.9)", "sphinx (<7.2.5)", "sphinx (>=3.5)", "sphinx-favicon", "sphinx-inline-tabs", "sphinx-lint", "sphinx-notfound-page (>=1,<2)", "sphinx-reredirects", "sphinxcontrib-towncrier"]
testing = ["build[virtualenv]", "filelock (>=3.4.0)", "flake8-2020", "ini2toml[lite] (>=0.9)", "jaraco.develop (>=7.21)", "jaraco.envs (>=2.2)", "jaraco.path (>=3.2.0)", "pip (>=19.1)", "pytest (>=6)", "pytest-black (>=0.3.7)", "pytest-checkdocs (>=2.4)", "pytest-cov", "pytest-enabler (>=2.2)", "pytest-mypy (>=0.9.1)", "pytest-perf", "pytest-ruff", "pytest-timeout", "pytest-xdist", "tomli-w (>=1.0.0)", "virtualenv (>=13.0.0)", "wheel"]
testing-integration = ["build[virtualenv] (>=1.0.3)", "filelock (>=3.4.0)", "jaraco.envs (>=2.2)", "jaraco.path (>=3.2.0)", "packaging (>=23.1)", "pytest", "pytest-enabler", "pytest-xdist", "tomli", "virtualenv (>=13.0.0)", "wheel"]

[[package]]
name = "six"
version = "1.16.0"
description = "Python 2 and 3 compatibility utilities"
optional = false
python-versions = ">=2.7, !=3.0.*, !=3.1.*, !=3.2.*"
files = [
    {file = "six-1.16.0-py2.py3-none-any.whl", hash = "sha256:8abb2f1d86890a2dfb989f9a77cfcfd3e47c2a354b01111771326f8aa26e0254"},
    {file = "six-1.16.0.tar.gz", hash = "sha256:1e61c37477a1626458e36f7b1d82aa5c9b094fa4802892072e49de9c60c4c926"},
]

[[package]]
name = "toml"
version = "0.10.2"
description = "Python Library for Tom's Obvious, Minimal Language"
optional = false
python-versions = ">=2.6, !=3.0.*, !=3.1.*, !=3.2.*"
files = [
    {file = "toml-0.10.2-py2.py3-none-any.whl", hash = "sha256:806143ae5bfb6a3c6e736a764057db0e6a0e05e338b5630894a5f779cabb4f9b"},
    {file = "toml-0.10.2.tar.gz", hash = "sha256:b3bda1d108d5dd99f4a20d24d9c348e91c4db7ab1b749200bded2f839ccbe68f"},
]

[[package]]
name = "tomli"
version = "2.0.1"
description = "A lil' TOML parser"
optional = false
python-versions = ">=3.7"
files = [
    {file = "tomli-2.0.1-py3-none-any.whl", hash = "sha256:939de3e7a6161af0c887ef91b7d41a53e7c5a1ca976325f429cb46ea9bc30ecc"},
    {file = "tomli-2.0.1.tar.gz", hash = "sha256:de526c12914f0c550d15924c62d72abc48d6fe7364aa87328337a31007fe8a4f"},
]

[[package]]
name = "types-python-dateutil"
version = "2.8.19.14"
description = "Typing stubs for python-dateutil"
optional = false
python-versions = "*"
files = [
    {file = "types-python-dateutil-2.8.19.14.tar.gz", hash = "sha256:1f4f10ac98bb8b16ade9dbee3518d9ace017821d94b057a425b069f834737f4b"},
    {file = "types_python_dateutil-2.8.19.14-py3-none-any.whl", hash = "sha256:f977b8de27787639986b4e28963263fd0e5158942b3ecef91b9335c130cb1ce9"},
]

[[package]]
name = "vulture"
version = "2.10"
description = "Find dead code"
optional = false
python-versions = ">=3.8"
files = [
    {file = "vulture-2.10-py2.py3-none-any.whl", hash = "sha256:568a4176db7468d0157817ae3bb1847a19f1ddc629849af487f9d3b279bff77d"},
    {file = "vulture-2.10.tar.gz", hash = "sha256:2a5c3160bffba77595b6e6dfcc412016bd2a09cd4b66cdf7fbba913684899f6f"},
]

[package.dependencies]
toml = "*"

[[package]]
name = "wheel"
version = "0.42.0"
description = "A built-package format for Python"
optional = false
python-versions = ">=3.7"
files = [
    {file = "wheel-0.42.0-py3-none-any.whl", hash = "sha256:177f9c9b0d45c47873b619f5b650346d632cdc35fb5e4d25058e09c9e581433d"},
    {file = "wheel-0.42.0.tar.gz", hash = "sha256:c45be39f7882c9d34243236f2d63cbd58039e360f85d0913425fbd7ceea617a8"},
]

[package.extras]
test = ["pytest (>=6.0.0)", "setuptools (>=65)"]

[metadata]
lock-version = "2.0"
python-versions = "^3.9"
content-hash = "326893d66d9c4b5df98b1b36bcc06a144b4d1ae1ad987a61ba09af8902ccef49"
